# ============================================================================
# NewBrain para la SiDi (Cyclone IV EP4CE22F17C8)
#
# Pinout y ajustes de la SiDi tomados del core de Oric de rampa069
# (Oric_Mist_48K/sidi/Oric_sidi.qsf). El core es el mismo que el de la
# Calypso: rtl/newbrain_top.sv con la macro SIDI, que cambia el reloj de
# entrada (27 MHz), deja un solo LED y saca 6 bits de VGA. El audio va por
# sigma-delta (AUDIO_L / AUDIO_R), que es lo que lleva esta placa.
#
# A diferencia del Oric, aqui no hace falta DeMiSTify: la SiDi tiene su
# propio microcontrolador con el firmware de MiST, asi que user_io, data_io
# y el OSD funcionan igual que en la Calypso.
# ============================================================================

set_global_assignment -name FAMILY "Cyclone IV E"
set_global_assignment -name DEVICE EP4CE22F17C8
set_global_assignment -name TOP_LEVEL_ENTITY newbrain_top
set_global_assignment -name LAST_QUARTUS_VERSION "22.1std.1 Lite Edition"
set_global_assignment -name PROJECT_OUTPUT_DIRECTORY output_files
set_global_assignment -name MIN_CORE_JUNCTION_TEMP 0
set_global_assignment -name MAX_CORE_JUNCTION_TEMP 85

# Configuracion, como el resto de cores de SiDi
set_global_assignment -name CYCLONEIII_CONFIGURATION_SCHEME "PASSIVE SERIAL"
set_global_assignment -name USE_CONFIGURATION_DEVICE OFF
set_global_assignment -name CRC_ERROR_OPEN_DRAIN OFF
set_global_assignment -name FORCE_CONFIGURATION_VCCIO ON
set_global_assignment -name STRATIX_DEVICE_IO_STANDARD "3.3-V LVTTL"
set_global_assignment -name CYCLONEII_RESERVE_NCEO_AFTER_CONFIGURATION "USE AS REGULAR IO"
set_global_assignment -name RESERVE_DATA0_AFTER_CONFIGURATION "USE AS REGULAR IO"
set_global_assignment -name RESERVE_DATA1_AFTER_CONFIGURATION "USE AS REGULAR IO"
set_global_assignment -name RESERVE_FLASH_NCE_AFTER_CONFIGURATION "USE AS REGULAR IO"
set_global_assignment -name ON_CHIP_BITSTREAM_DECOMPRESSION ON
set_global_assignment -name GENERATE_RBF_FILE ON

# Sintesis y ajuste
set_global_assignment -name AUTO_RAM_RECOGNITION ON
set_global_assignment -name AUTO_SHIFT_REGISTER_RECOGNITION AUTO
set_global_assignment -name ENABLE_CLOCK_LATENCY ON
set_global_assignment -name ENABLE_RECOVERY_REMOVAL_ANALYSIS ON
set_global_assignment -name OPTIMIZE_HOLD_TIMING "ALL PATHS"
set_global_assignment -name FITTER_EFFORT "STANDARD FIT"
set_global_assignment -name OPTIMIZATION_MODE "AGGRESSIVE PERFORMANCE"
set_global_assignment -name CYCLONEII_OPTIMIZATION_TECHNIQUE SPEED
set_global_assignment -name SMART_RECOMPILE ON

# Opciones del core para esta placa
set_global_assignment -name VERILOG_MACRO "SIDI=1"
set_global_assignment -name VERILOG_MACRO "DELTASIGMA_AUDIO=1"
set_global_assignment -name VERILOG_MACRO "USE_AUDIO_IN=1"
set_global_assignment -name VERILOG_MACRO "NO_DIRECT_UPLOAD=1"
set_global_assignment -name VERILOG_MACRO "BIG_OSD=1"

# Ficheros: los comunes, y el PLL y las restricciones de esta placa
set_global_assignment -name QIP_FILE ../files.qip
set_global_assignment -name QIP_FILE pll.qip
set_global_assignment -name SDC_FILE newbrain_sidi.sdc
set_global_assignment -name PRE_FLOW_SCRIPT_FILE "quartus_sh:build_id.tcl"

# ----------------------------------------------------------------------------
# Pines (del Oric para SiDi)
# ----------------------------------------------------------------------------
set_location_assignment PIN_G1 -to LED
set_location_assignment PIN_E1 -to CLOCK_27
set_location_assignment PIN_P16 -to VGA_R[5]
set_location_assignment PIN_P15 -to VGA_R[4]
set_location_assignment PIN_R16 -to VGA_R[3]
set_location_assignment PIN_R14 -to VGA_R[2]
set_location_assignment PIN_T15 -to VGA_R[1]
set_location_assignment PIN_T14 -to VGA_R[0]
set_location_assignment PIN_J16 -to VGA_B[5]
set_location_assignment PIN_J15 -to VGA_B[4]
set_location_assignment PIN_J14 -to VGA_B[3]
set_location_assignment PIN_K16 -to VGA_B[2]
set_location_assignment PIN_K15 -to VGA_B[1]
set_location_assignment PIN_J13 -to VGA_B[0]
set_location_assignment PIN_F16 -to VGA_G[5]
set_location_assignment PIN_F15 -to VGA_G[4]
set_location_assignment PIN_L16 -to VGA_G[3]
set_location_assignment PIN_L15 -to VGA_G[2]
set_location_assignment PIN_N15 -to VGA_G[1]
set_location_assignment PIN_N16 -to VGA_G[0]
set_location_assignment PIN_T10 -to VGA_VS
set_location_assignment PIN_T11 -to VGA_HS
set_location_assignment PIN_T12 -to AUDIO_L
set_location_assignment PIN_T13 -to AUDIO_R
set_location_assignment PIN_T2 -to SPI_DO
set_location_assignment PIN_R1 -to SPI_DI
set_location_assignment PIN_T3 -to SPI_SCK
set_location_assignment PIN_T4 -to SPI_SS2
set_location_assignment PIN_G15 -to SPI_SS3
set_location_assignment PIN_H2 -to CONF_DATA0
set_location_assignment PIN_B14 -to SDRAM_A[0]
set_location_assignment PIN_C14 -to SDRAM_A[1]
set_location_assignment PIN_C15 -to SDRAM_A[2]
set_location_assignment PIN_C16 -to SDRAM_A[3]
set_location_assignment PIN_B16 -to SDRAM_A[4]
set_location_assignment PIN_A15 -to SDRAM_A[5]
set_location_assignment PIN_A14 -to SDRAM_A[6]
set_location_assignment PIN_A13 -to SDRAM_A[7]
set_location_assignment PIN_A12 -to SDRAM_A[8]
set_location_assignment PIN_D16 -to SDRAM_A[9]
set_location_assignment PIN_B13 -to SDRAM_A[10]
set_location_assignment PIN_D15 -to SDRAM_A[11]
set_location_assignment PIN_D14 -to SDRAM_A[12]
set_location_assignment PIN_C3 -to SDRAM_DQ[0]
set_location_assignment PIN_C2 -to SDRAM_DQ[1]
set_location_assignment PIN_A4 -to SDRAM_DQ[2]
set_location_assignment PIN_B4 -to SDRAM_DQ[3]
set_location_assignment PIN_A6 -to SDRAM_DQ[4]
set_location_assignment PIN_D6 -to SDRAM_DQ[5]
set_location_assignment PIN_A7 -to SDRAM_DQ[6]
set_location_assignment PIN_B7 -to SDRAM_DQ[7]
set_location_assignment PIN_E6 -to SDRAM_DQ[8]
set_location_assignment PIN_C6 -to SDRAM_DQ[9]
set_location_assignment PIN_B6 -to SDRAM_DQ[10]
set_location_assignment PIN_B5 -to SDRAM_DQ[11]
set_location_assignment PIN_A5 -to SDRAM_DQ[12]
set_location_assignment PIN_B3 -to SDRAM_DQ[13]
set_location_assignment PIN_A3 -to SDRAM_DQ[14]
set_location_assignment PIN_A2 -to SDRAM_DQ[15]
set_location_assignment PIN_A11 -to SDRAM_BA[0]
set_location_assignment PIN_B12 -to SDRAM_BA[1]
set_location_assignment PIN_C9 -to SDRAM_DQMH
set_location_assignment PIN_C8 -to SDRAM_DQML
set_location_assignment PIN_A10 -to SDRAM_nRAS
set_location_assignment PIN_B10 -to SDRAM_nCAS
set_location_assignment PIN_D8 -to SDRAM_nWE
set_location_assignment PIN_B11 -to SDRAM_nCS
set_location_assignment PIN_C11 -to SDRAM_CKE
set_location_assignment PIN_R4 -to SDRAM_CLK
set_location_assignment PIN_P1 -to AUDIO_IN
set_instance_assignment -name FAST_OUTPUT_REGISTER ON -to SDRAM_DQ[*]
set_instance_assignment -name FAST_OUTPUT_REGISTER ON -to SDRAM_A[*]
set_instance_assignment -name FAST_OUTPUT_REGISTER ON -to SDRAM_BA[0]
set_instance_assignment -name FAST_OUTPUT_REGISTER ON -to SDRAM_BA[1]
set_instance_assignment -name FAST_OUTPUT_REGISTER ON -to SDRAM_DQMH
set_instance_assignment -name FAST_OUTPUT_REGISTER ON -to SDRAM_DQML
set_instance_assignment -name FAST_OUTPUT_REGISTER ON -to SDRAM_nRAS
set_instance_assignment -name FAST_OUTPUT_REGISTER ON -to SDRAM_nCAS
set_instance_assignment -name FAST_OUTPUT_REGISTER ON -to SDRAM_nWE
set_instance_assignment -name FAST_OUTPUT_REGISTER ON -to SDRAM_nCS
set_instance_assignment -name FAST_OUTPUT_ENABLE_REGISTER ON -to SDRAM_DQ[*]
set_instance_assignment -name FAST_INPUT_REGISTER ON -to SDRAM_DQ[*]
set_instance_assignment -name CURRENT_STRENGTH_NEW "MAXIMUM CURRENT" -to SDRAM_A[*]
set_instance_assignment -name CURRENT_STRENGTH_NEW "MAXIMUM CURRENT" -to SDRAM_DQ[*]
set_instance_assignment -name CURRENT_STRENGTH_NEW "MAXIMUM CURRENT" -to SDRAM_BA[*]
set_instance_assignment -name CURRENT_STRENGTH_NEW "MAXIMUM CURRENT" -to SDRAM_DQML
set_instance_assignment -name CURRENT_STRENGTH_NEW "MAXIMUM CURRENT" -to SDRAM_DQMH
set_instance_assignment -name CURRENT_STRENGTH_NEW "MAXIMUM CURRENT" -to SDRAM_nRAS
set_instance_assignment -name CURRENT_STRENGTH_NEW "MAXIMUM CURRENT" -to SDRAM_nCAS
set_instance_assignment -name CURRENT_STRENGTH_NEW "MAXIMUM CURRENT" -to SDRAM_nWE
set_instance_assignment -name CURRENT_STRENGTH_NEW "MAXIMUM CURRENT" -to SDRAM_nCS
set_instance_assignment -name CURRENT_STRENGTH_NEW "MAXIMUM CURRENT" -to SDRAM_CKE
set_instance_assignment -name CURRENT_STRENGTH_NEW "MAXIMUM CURRENT" -to SDRAM_CLK
set_instance_assignment -name CURRENT_STRENGTH_NEW "MAXIMUM CURRENT" -to VGA_R[*]
set_instance_assignment -name CURRENT_STRENGTH_NEW "MAXIMUM CURRENT" -to VGA_G[*]
set_instance_assignment -name CURRENT_STRENGTH_NEW "MAXIMUM CURRENT" -to VGA_B[*]
set_instance_assignment -name CURRENT_STRENGTH_NEW "MAXIMUM CURRENT" -to VGA_HS
set_instance_assignment -name CURRENT_STRENGTH_NEW "MAXIMUM CURRENT" -to VGA_VS
set_instance_assignment -name CURRENT_STRENGTH_NEW 4MA -to AUDIO_L
set_instance_assignment -name CURRENT_STRENGTH_NEW 4MA -to AUDIO_R
set_instance_assignment -name CURRENT_STRENGTH_NEW 4MA -to SPI_DO

set_location_assignment PLL_1 -to "pll:pll|altpll:altpll_component"

# ----------------------------------------------------------------------------
# Extras del NewBrain, desactivados. Para usar uno: descomentar su macro y
# sus pines, poniendo los PIN_xx libres de la placa. Sin la macro, el puerto
# no existe en el top y no hace falta asignarle pin.
# ----------------------------------------------------------------------------
# Puertos serie V24 e impresora, niveles TTL y reposo a 1 (para RS232,
# MAX3232 o similar). RTS y los CTS son activos a nivel bajo.
#set_global_assignment -name VERILOG_MACRO "NB_SERIE=1"
#set_location_assignment PIN_xx -to V24_TXD
#set_location_assignment PIN_xx -to V24_RTS
#set_location_assignment PIN_xx -to V24_RXD
#set_location_assignment PIN_xx -to V24_CTS
#set_location_assignment PIN_xx -to PRN_TXD
#set_location_assignment PIN_xx -to PRN_CTS
#
# Remote de las cintas, a 1 con el motor en marcha (transistor o rele)
#set_global_assignment -name VERILOG_MACRO "NB_REMOTE=1"
#set_location_assignment PIN_xx -to TAPE_REMOTE1
#set_location_assignment PIN_xx -to TAPE_REMOTE2
#
# Pantalla LCD 16x2 por I2C (PCF8574, LiquidCrystal_I2C); la direccion se
# elige en el OSD. Colector abierto: OJO, los modulos llevan resistencias a
# 5 V; alimentarlo a 3,3 V o con adaptador de niveles.
#set_global_assignment -name VERILOG_MACRO "NB_LCD=1"
#set_location_assignment PIN_xx -to LCD_SCL
#set_location_assignment PIN_xx -to LCD_SDA
#set_instance_assignment -name WEAK_PULL_UP_RESISTOR ON -to LCD_SCL
#set_instance_assignment -name WEAK_PULL_UP_RESISTOR ON -to LCD_SDA
